// !$*UTF8*$!
{
	archiveVersion = 1;
	classes = {
	};
	objectVersion = 50;
	objects = {

/* Begin PBXBuildFile section */
		406855D737AB9CEC32958F6F /* Pods_MakeHabitUITests.framework in Frameworks */ = {isa = PBXBuildFile; fileRef = 52039420809AAE7BF432B9B8 /* Pods_MakeHabitUITests.framework */; };
		41373D81D4825687A6459310 /* Pods_MakeHabitTests.framework in Frameworks */ = {isa = PBXBuildFile; fileRef = 648FE49A370F562AE974FA6B /* Pods_MakeHabitTests.framework */; };
		9325DF7C20B59A9F003C790D /* MainViewController.swift in Sources */ = {isa = PBXBuildFile; fileRef = 9325DF7B20B59A9F003C790D /* MainViewController.swift */; };
		9325DF7E20B59B2C003C790D /* BaseViewController.swift in Sources */ = {isa = PBXBuildFile; fileRef = 9325DF7D20B59B2C003C790D /* BaseViewController.swift */; };
		9325DF8720B59D7F003C790D /* ChartViewController.swift in Sources */ = {isa = PBXBuildFile; fileRef = 9325DF8620B59D7F003C790D /* ChartViewController.swift */; };
		9325DF8A20B59DF7003C790D /* HabitViewController.swift in Sources */ = {isa = PBXBuildFile; fileRef = 9325DF8920B59DF7003C790D /* HabitViewController.swift */; };
		9343DFE120B6CE31006CCED8 /* HabitCategoriesViewController.swift in Sources */ = {isa = PBXBuildFile; fileRef = 9343DFE020B6CE31006CCED8 /* HabitCategoriesViewController.swift */; };
		9343DFE320B6CE5B006CCED8 /* HabitDetailViewController.swift in Sources */ = {isa = PBXBuildFile; fileRef = 9343DFE220B6CE5B006CCED8 /* HabitDetailViewController.swift */; };
		9343DFE520B6CE6F006CCED8 /* HabitSelectViewController.swift in Sources */ = {isa = PBXBuildFile; fileRef = 9343DFE420B6CE6F006CCED8 /* HabitSelectViewController.swift */; };
		9343DFE720B6CE92006CCED8 /* HabitSettingViewController.swift in Sources */ = {isa = PBXBuildFile; fileRef = 9343DFE620B6CE92006CCED8 /* HabitSettingViewController.swift */; };
		937771F920B587730022D82C /* AppDelegate.swift in Sources */ = {isa = PBXBuildFile; fileRef = 937771F820B587730022D82C /* AppDelegate.swift */; };
		937771FE20B587730022D82C /* Main.storyboard in Resources */ = {isa = PBXBuildFile; fileRef = 937771FC20B587730022D82C /* Main.storyboard */; };
		9377720020B587740022D82C /* Assets.xcassets in Resources */ = {isa = PBXBuildFile; fileRef = 937771FF20B587730022D82C /* Assets.xcassets */; };
		9377720320B587740022D82C /* LaunchScreen.storyboard in Resources */ = {isa = PBXBuildFile; fileRef = 9377720120B587740022D82C /* LaunchScreen.storyboard */; };
		9377720E20B587740022D82C /* MakeHabitTests.swift in Sources */ = {isa = PBXBuildFile; fileRef = 9377720D20B587740022D82C /* MakeHabitTests.swift */; };
		9377721920B587740022D82C /* MakeHabitUITests.swift in Sources */ = {isa = PBXBuildFile; fileRef = 9377721820B587740022D82C /* MakeHabitUITests.swift */; };
		D8F5C068C58306D00AEF596E /* Pods_MakeHabit.framework in Frameworks */ = {isa = PBXBuildFile; fileRef = 5697602FDAA3180CEA4EAA44 /* Pods_MakeHabit.framework */; };
/* End PBXBuildFile section */

/* Begin PBXContainerItemProxy section */
		9377720A20B587740022D82C /* PBXContainerItemProxy */ = {
			isa = PBXContainerItemProxy;
			containerPortal = 937771ED20B587730022D82C /* Project object */;
			proxyType = 1;
			remoteGlobalIDString = 937771F420B587730022D82C;
			remoteInfo = MakeHabit;
		};
		9377721520B587740022D82C /* PBXContainerItemProxy */ = {
			isa = PBXContainerItemProxy;
			containerPortal = 937771ED20B587730022D82C /* Project object */;
			proxyType = 1;
			remoteGlobalIDString = 937771F420B587730022D82C;
			remoteInfo = MakeHabit;
		};
/* End PBXContainerItemProxy section */

/* Begin PBXFileReference section */
		00005F1AD9F0A9C230FC3ADD /* Pods-MakeHabitTests.debug.xcconfig */ = {isa = PBXFileReference; includeInIndex = 1; lastKnownFileType = text.xcconfig; name = "Pods-MakeHabitTests.debug.xcconfig"; path = "Pods/Target Support Files/Pods-MakeHabitTests/Pods-MakeHabitTests.debug.xcconfig"; sourceTree = "<group>"; };
		30993D8B8CCF687759494239 /* Pods-MakeHabit.debug.xcconfig */ = {isa = PBXFileReference; includeInIndex = 1; lastKnownFileType = text.xcconfig; name = "Pods-MakeHabit.debug.xcconfig"; path = "Pods/Target Support Files/Pods-MakeHabit/Pods-MakeHabit.debug.xcconfig"; sourceTree = "<group>"; };
		52039420809AAE7BF432B9B8 /* Pods_MakeHabitUITests.framework */ = {isa = PBXFileReference; explicitFileType = wrapper.framework; includeInIndex = 0; path = Pods_MakeHabitUITests.framework; sourceTree = BUILT_PRODUCTS_DIR; };
		5697602FDAA3180CEA4EAA44 /* Pods_MakeHabit.framework */ = {isa = PBXFileReference; explicitFileType = wrapper.framework; includeInIndex = 0; path = Pods_MakeHabit.framework; sourceTree = BUILT_PRODUCTS_DIR; };
		648FE49A370F562AE974FA6B /* Pods_MakeHabitTests.framework */ = {isa = PBXFileReference; explicitFileType = wrapper.framework; includeInIndex = 0; path = Pods_MakeHabitTests.framework; sourceTree = BUILT_PRODUCTS_DIR; };
		8B1D4DEF106F745B533ACF0A /* Pods-MakeHabitUITests.release.xcconfig */ = {isa = PBXFileReference; includeInIndex = 1; lastKnownFileType = text.xcconfig; name = "Pods-MakeHabitUITests.release.xcconfig"; path = "Pods/Target Support Files/Pods-MakeHabitUITests/Pods-MakeHabitUITests.release.xcconfig"; sourceTree = "<group>"; };
		9325DF7B20B59A9F003C790D /* MainViewController.swift */ = {isa = PBXFileReference; lastKnownFileType = sourcecode.swift; path = MainViewController.swift; sourceTree = "<group>"; };
		9325DF7D20B59B2C003C790D /* BaseViewController.swift */ = {isa = PBXFileReference; lastKnownFileType = sourcecode.swift; path = BaseViewController.swift; sourceTree = "<group>"; };
		9325DF8620B59D7F003C790D /* ChartViewController.swift */ = {isa = PBXFileReference; lastKnownFileType = sourcecode.swift; path = ChartViewController.swift; sourceTree = "<group>"; };
		9325DF8920B59DF7003C790D /* HabitViewController.swift */ = {isa = PBXFileReference; lastKnownFileType = sourcecode.swift; path = HabitViewController.swift; sourceTree = "<group>"; };
		9343DFE020B6CE31006CCED8 /* HabitCategoriesViewController.swift */ = {isa = PBXFileReference; lastKnownFileType = sourcecode.swift; path = HabitCategoriesViewController.swift; sourceTree = "<group>"; };
		9343DFE220B6CE5B006CCED8 /* HabitDetailViewController.swift */ = {isa = PBXFileReference; lastKnownFileType = sourcecode.swift; path = HabitDetailViewController.swift; sourceTree = "<group>"; };
		9343DFE420B6CE6F006CCED8 /* HabitSelectViewController.swift */ = {isa = PBXFileReference; lastKnownFileType = sourcecode.swift; path = HabitSelectViewController.swift; sourceTree = "<group>"; };
		9343DFE620B6CE92006CCED8 /* HabitSettingViewController.swift */ = {isa = PBXFileReference; lastKnownFileType = sourcecode.swift; path = HabitSettingViewController.swift; sourceTree = "<group>"; };
		937771F520B587730022D82C /* MakeHabit.app */ = {isa = PBXFileReference; explicitFileType = wrapper.application; includeInIndex = 0; path = MakeHabit.app; sourceTree = BUILT_PRODUCTS_DIR; };
		937771F820B587730022D82C /* AppDelegate.swift */ = {isa = PBXFileReference; lastKnownFileType = sourcecode.swift; path = AppDelegate.swift; sourceTree = "<group>"; };
		937771FD20B587730022D82C /* Base */ = {isa = PBXFileReference; lastKnownFileType = file.storyboard; name = Base; path = Base.lproj/Main.storyboard; sourceTree = "<group>"; };
		937771FF20B587730022D82C /* Assets.xcassets */ = {isa = PBXFileReference; lastKnownFileType = folder.assetcatalog; path = Assets.xcassets; sourceTree = "<group>"; };
		9377720220B587740022D82C /* Base */ = {isa = PBXFileReference; lastKnownFileType = file.storyboard; name = Base; path = Base.lproj/LaunchScreen.storyboard; sourceTree = "<group>"; };
		9377720420B587740022D82C /* Info.plist */ = {isa = PBXFileReference; lastKnownFileType = text.plist.xml; path = Info.plist; sourceTree = "<group>"; };
		9377720920B587740022D82C /* MakeHabitTests.xctest */ = {isa = PBXFileReference; explicitFileType = wrapper.cfbundle; includeInIndex = 0; path = MakeHabitTests.xctest; sourceTree = BUILT_PRODUCTS_DIR; };
		9377720D20B587740022D82C /* MakeHabitTests.swift */ = {isa = PBXFileReference; lastKnownFileType = sourcecode.swift; path = MakeHabitTests.swift; sourceTree = "<group>"; };
		9377720F20B587740022D82C /* Info.plist */ = {isa = PBXFileReference; lastKnownFileType = text.plist.xml; path = Info.plist; sourceTree = "<group>"; };
		9377721420B587740022D82C /* MakeHabitUITests.xctest */ = {isa = PBXFileReference; explicitFileType = wrapper.cfbundle; includeInIndex = 0; path = MakeHabitUITests.xctest; sourceTree = BUILT_PRODUCTS_DIR; };
		9377721820B587740022D82C /* MakeHabitUITests.swift */ = {isa = PBXFileReference; lastKnownFileType = sourcecode.swift; path = MakeHabitUITests.swift; sourceTree = "<group>"; };
		9377721A20B587740022D82C /* Info.plist */ = {isa = PBXFileReference; lastKnownFileType = text.plist.xml; path = Info.plist; sourceTree = "<group>"; };
		CCBF84E316BB38F3A33C9FBD /* Pods-MakeHabit.release.xcconfig */ = {isa = PBXFileReference; includeInIndex = 1; lastKnownFileType = text.xcconfig; name = "Pods-MakeHabit.release.xcconfig"; path = "Pods/Target Support Files/Pods-MakeHabit/Pods-MakeHabit.release.xcconfig"; sourceTree = "<group>"; };
		D4CD90FEA3C5094A0378786B /* Pods-MakeHabitTests.release.xcconfig */ = {isa = PBXFileReference; includeInIndex = 1; lastKnownFileType = text.xcconfig; name = "Pods-MakeHabitTests.release.xcconfig"; path = "Pods/Target Support Files/Pods-MakeHabitTests/Pods-MakeHabitTests.release.xcconfig"; sourceTree = "<group>"; };
		FD3D13CF5F5633D53C36EEB4 /* Pods-MakeHabitUITests.debug.xcconfig */ = {isa = PBXFileReference; includeInIndex = 1; lastKnownFileType = text.xcconfig; name = "Pods-MakeHabitUITests.debug.xcconfig"; path = "Pods/Target Support Files/Pods-MakeHabitUITests/Pods-MakeHabitUITests.debug.xcconfig"; sourceTree = "<group>"; };
/* End PBXFileReference section */

/* Begin PBXFrameworksBuildPhase section */
		937771F220B587730022D82C /* Frameworks */ = {
			isa = PBXFrameworksBuildPhase;
			buildActionMask = 2147483647;
			files = (
				D8F5C068C58306D00AEF596E /* Pods_MakeHabit.framework in Frameworks */,
			);
			runOnlyForDeploymentPostprocessing = 0;
		};
		9377720620B587740022D82C /* Frameworks */ = {
			isa = PBXFrameworksBuildPhase;
			buildActionMask = 2147483647;
			files = (
				41373D81D4825687A6459310 /* Pods_MakeHabitTests.framework in Frameworks */,
			);
			runOnlyForDeploymentPostprocessing = 0;
		};
		9377721120B587740022D82C /* Frameworks */ = {
			isa = PBXFrameworksBuildPhase;
			buildActionMask = 2147483647;
			files = (
				406855D737AB9CEC32958F6F /* Pods_MakeHabitUITests.framework in Frameworks */,
			);
			runOnlyForDeploymentPostprocessing = 0;
		};
/* End PBXFrameworksBuildPhase section */

/* Begin PBXGroup section */
		75088DD3611800C23E1E88CC /* Frameworks */ = {
			isa = PBXGroup;
			children = (
				5697602FDAA3180CEA4EAA44 /* Pods_MakeHabit.framework */,
				648FE49A370F562AE974FA6B /* Pods_MakeHabitTests.framework */,
				52039420809AAE7BF432B9B8 /* Pods_MakeHabitUITests.framework */,
			);
			name = Frameworks;
			sourceTree = "<group>";
		};
		7AE279EA503912ADC9F61C9D /* Pods */ = {
			isa = PBXGroup;
			children = (
				30993D8B8CCF687759494239 /* Pods-MakeHabit.debug.xcconfig */,
				CCBF84E316BB38F3A33C9FBD /* Pods-MakeHabit.release.xcconfig */,
				00005F1AD9F0A9C230FC3ADD /* Pods-MakeHabitTests.debug.xcconfig */,
				D4CD90FEA3C5094A0378786B /* Pods-MakeHabitTests.release.xcconfig */,
				FD3D13CF5F5633D53C36EEB4 /* Pods-MakeHabitUITests.debug.xcconfig */,
				8B1D4DEF106F745B533ACF0A /* Pods-MakeHabitUITests.release.xcconfig */,
			);
			name = Pods;
			sourceTree = "<group>";
		};
		9325DF7F20B59B71003C790D /* StoryBoard */ = {
			isa = PBXGroup;
			children = (
				9377720120B587740022D82C /* LaunchScreen.storyboard */,
				937771FC20B587730022D82C /* Main.storyboard */,
			);
			path = StoryBoard;
			sourceTree = "<group>";
		};
		9325DF8020B59B81003C790D /* Resource */ = {
			isa = PBXGroup;
			children = (
				937771FF20B587730022D82C /* Assets.xcassets */,
			);
			path = Resource;
			sourceTree = "<group>";
		};
		9325DF8120B59BA2003C790D /* Base */ = {
			isa = PBXGroup;
			children = (
				9325DF7D20B59B2C003C790D /* BaseViewController.swift */,
			);
			path = Base;
			sourceTree = "<group>";
		};
		9325DF8220B59C68003C790D /* Controller */ = {
			isa = PBXGroup;
			children = (
				9343DFDF20B6CE05006CCED8 /* HabitSetting */,
				9343DFDE20B6CE03006CCED8 /* HabitSelect */,
				9343DFDD20B6CE00006CCED8 /* HabitDetail */,
				9343DFDC20B6CDFB006CCED8 /* HabitCategory */,
				9325DF8820B59DE0003C790D /* Habit */,
				9325DF8520B59D5F003C790D /* Chart */,
				9325DF8320B59CAF003C790D /* Main */,
				9325DF8120B59BA2003C790D /* Base */,
			);
			path = Controller;
			sourceTree = "<group>";
		};
		9325DF8320B59CAF003C790D /* Main */ = {
			isa = PBXGroup;
			children = (
				9325DF7B20B59A9F003C790D /* MainViewController.swift */,
			);
			path = Main;
			sourceTree = "<group>";
		};
		9325DF8520B59D5F003C790D /* Chart */ = {
			isa = PBXGroup;
			children = (
				9325DF8620B59D7F003C790D /* ChartViewController.swift */,
			);
			path = Chart;
			sourceTree = "<group>";
		};
		9325DF8820B59DE0003C790D /* Habit */ = {
			isa = PBXGroup;
			children = (
				9325DF8920B59DF7003C790D /* HabitViewController.swift */,
			);
			path = Habit;
			sourceTree = "<group>";
		};
		9325DF8B20B5A926003C790D /* Model */ = {
			isa = PBXGroup;
			children = (
			);
			path = Model;
			sourceTree = "<group>";
		};
		9343DFDC20B6CDFB006CCED8 /* HabitCategory */ = {
			isa = PBXGroup;
			children = (
				9343DFE020B6CE31006CCED8 /* HabitCategoriesViewController.swift */,
			);
			path = HabitCategory;
			sourceTree = "<group>";
		};
		9343DFDD20B6CE00006CCED8 /* HabitDetail */ = {
			isa = PBXGroup;
			children = (
				9343DFE220B6CE5B006CCED8 /* HabitDetailViewController.swift */,
			);
			path = HabitDetail;
			sourceTree = "<group>";
		};
		9343DFDE20B6CE03006CCED8 /* HabitSelect */ = {
			isa = PBXGroup;
			children = (
				9343DFE420B6CE6F006CCED8 /* HabitSelectViewController.swift */,
			);
			path = HabitSelect;
			sourceTree = "<group>";
		};
		9343DFDF20B6CE05006CCED8 /* HabitSetting */ = {
			isa = PBXGroup;
			children = (
				9343DFE620B6CE92006CCED8 /* HabitSettingViewController.swift */,
			);
			path = HabitSetting;
			sourceTree = "<group>";
		};
		937771EC20B587730022D82C = {
			isa = PBXGroup;
			children = (
				937771F720B587730022D82C /* MakeHabit */,
				9377720C20B587740022D82C /* MakeHabitTests */,
				9377721720B587740022D82C /* MakeHabitUITests */,
				937771F620B587730022D82C /* Products */,
				7AE279EA503912ADC9F61C9D /* Pods */,
				75088DD3611800C23E1E88CC /* Frameworks */,
			);
			sourceTree = "<group>";
		};
		937771F620B587730022D82C /* Products */ = {
			isa = PBXGroup;
			children = (
				937771F520B587730022D82C /* MakeHabit.app */,
				9377720920B587740022D82C /* MakeHabitTests.xctest */,
				9377721420B587740022D82C /* MakeHabitUITests.xctest */,
			);
			name = Products;
			sourceTree = "<group>";
		};
		937771F720B587730022D82C /* MakeHabit */ = {
			isa = PBXGroup;
			children = (
				937771F820B587730022D82C /* AppDelegate.swift */,
				9377720420B587740022D82C /* Info.plist */,
				9325DF8B20B5A926003C790D /* Model */,
				9325DF8220B59C68003C790D /* Controller */,
				9325DF8020B59B81003C790D /* Resource */,
				9325DF7F20B59B71003C790D /* StoryBoard */,
			);
			path = MakeHabit;
			sourceTree = "<group>";
		};
		9377720C20B587740022D82C /* MakeHabitTests */ = {
			isa = PBXGroup;
			children = (
				9377720D20B587740022D82C /* MakeHabitTests.swift */,
				9377720F20B587740022D82C /* Info.plist */,
			);
			path = MakeHabitTests;
			sourceTree = "<group>";
		};
		9377721720B587740022D82C /* MakeHabitUITests */ = {
			isa = PBXGroup;
			children = (
				9377721820B587740022D82C /* MakeHabitUITests.swift */,
				9377721A20B587740022D82C /* Info.plist */,
			);
			path = MakeHabitUITests;
			sourceTree = "<group>";
		};
/* End PBXGroup section */

/* Begin PBXNativeTarget section */
		937771F420B587730022D82C /* MakeHabit */ = {
			isa = PBXNativeTarget;
			buildConfigurationList = 9377721D20B587740022D82C /* Build configuration list for PBXNativeTarget "MakeHabit" */;
			buildPhases = (
				0F5FDC2F903085D6BB79DF2D /* [CP] Check Pods Manifest.lock */,
				937771F120B587730022D82C /* Sources */,
				937771F220B587730022D82C /* Frameworks */,
				937771F320B587730022D82C /* Resources */,
				B9F608F54D18CF8C7F6FAD29 /* [CP] Embed Pods Frameworks */,
			);
			buildRules = (
			);
			dependencies = (
			);
			name = MakeHabit;
			productName = MakeHabit;
			productReference = 937771F520B587730022D82C /* MakeHabit.app */;
			productType = "com.apple.product-type.application";
		};
		9377720820B587740022D82C /* MakeHabitTests */ = {
			isa = PBXNativeTarget;
			buildConfigurationList = 9377722020B587740022D82C /* Build configuration list for PBXNativeTarget "MakeHabitTests" */;
			buildPhases = (
				DFD1AE1F5F7C3680AA2A9AB7 /* [CP] Check Pods Manifest.lock */,
				9377720520B587740022D82C /* Sources */,
				9377720620B587740022D82C /* Frameworks */,
				9377720720B587740022D82C /* Resources */,
			);
			buildRules = (
			);
			dependencies = (
				9377720B20B587740022D82C /* PBXTargetDependency */,
			);
			name = MakeHabitTests;
			productName = MakeHabitTests;
			productReference = 9377720920B587740022D82C /* MakeHabitTests.xctest */;
			productType = "com.apple.product-type.bundle.unit-test";
		};
		9377721320B587740022D82C /* MakeHabitUITests */ = {
			isa = PBXNativeTarget;
			buildConfigurationList = 9377722320B587740022D82C /* Build configuration list for PBXNativeTarget "MakeHabitUITests" */;
			buildPhases = (
				738362EF2AEC0A074F4C8681 /* [CP] Check Pods Manifest.lock */,
				9377721020B587740022D82C /* Sources */,
				9377721120B587740022D82C /* Frameworks */,
				9377721220B587740022D82C /* Resources */,
			);
			buildRules = (
			);
			dependencies = (
				9377721620B587740022D82C /* PBXTargetDependency */,
			);
			name = MakeHabitUITests;
			productName = MakeHabitUITests;
			productReference = 9377721420B587740022D82C /* MakeHabitUITests.xctest */;
			productType = "com.apple.product-type.bundle.ui-testing";
		};
/* End PBXNativeTarget section */

/* Begin PBXProject section */
		937771ED20B587730022D82C /* Project object */ = {
			isa = PBXProject;
			attributes = {
				LastSwiftUpdateCheck = 0930;
				LastUpgradeCheck = 0930;
				ORGANIZATIONNAME = "주호박";
				TargetAttributes = {
					937771F420B587730022D82C = {
						CreatedOnToolsVersion = 9.3;
					};
					9377720820B587740022D82C = {
						CreatedOnToolsVersion = 9.3;
						TestTargetID = 937771F420B587730022D82C;
					};
					9377721320B587740022D82C = {
						CreatedOnToolsVersion = 9.3;
						TestTargetID = 937771F420B587730022D82C;
					};
				};
			};
			buildConfigurationList = 937771F020B587730022D82C /* Build configuration list for PBXProject "MakeHabit" */;
			compatibilityVersion = "Xcode 9.3";
			developmentRegion = en;
			hasScannedForEncodings = 0;
			knownRegions = (
				en,
				Base,
			);
			mainGroup = 937771EC20B587730022D82C;
			productRefGroup = 937771F620B587730022D82C /* Products */;
			projectDirPath = "";
			projectRoot = "";
			targets = (
				937771F420B587730022D82C /* MakeHabit */,
				9377720820B587740022D82C /* MakeHabitTests */,
				9377721320B587740022D82C /* MakeHabitUITests */,
			);
		};
/* End PBXProject section */

/* Begin PBXResourcesBuildPhase section */
		937771F320B587730022D82C /* Resources */ = {
			isa = PBXResourcesBuildPhase;
			buildActionMask = 2147483647;
			files = (
				9377720320B587740022D82C /* LaunchScreen.storyboard in Resources */,
				9377720020B587740022D82C /* Assets.xcassets in Resources */,
				937771FE20B587730022D82C /* Main.storyboard in Resources */,
			);
			runOnlyForDeploymentPostprocessing = 0;
		};
		9377720720B587740022D82C /* Resources */ = {
			isa = PBXResourcesBuildPhase;
			buildActionMask = 2147483647;
			files = (
			);
			runOnlyForDeploymentPostprocessing = 0;
		};
		9377721220B587740022D82C /* Resources */ = {
			isa = PBXResourcesBuildPhase;
			buildActionMask = 2147483647;
			files = (
			);
			runOnlyForDeploymentPostprocessing = 0;
		};
/* End PBXResourcesBuildPhase section */

/* Begin PBXShellScriptBuildPhase section */
		0F5FDC2F903085D6BB79DF2D /* [CP] Check Pods Manifest.lock */ = {
			isa = PBXShellScriptBuildPhase;
			buildActionMask = 2147483647;
			files = (
			);
			inputPaths = (
				"${PODS_PODFILE_DIR_PATH}/Podfile.lock",
				"${PODS_ROOT}/Manifest.lock",
			);
			name = "[CP] Check Pods Manifest.lock";
			outputPaths = (
				"$(DERIVED_FILE_DIR)/Pods-MakeHabit-checkManifestLockResult.txt",
			);
			runOnlyForDeploymentPostprocessing = 0;
			shellPath = /bin/sh;
			shellScript = "diff \"${PODS_PODFILE_DIR_PATH}/Podfile.lock\" \"${PODS_ROOT}/Manifest.lock\" > /dev/null\nif [ $? != 0 ] ; then\n    # print error to STDERR\n    echo \"error: The sandbox is not in sync with the Podfile.lock. Run 'pod install' or update your CocoaPods installation.\" >&2\n    exit 1\nfi\n# This output is used by Xcode 'outputs' to avoid re-running this script phase.\necho \"SUCCESS\" > \"${SCRIPT_OUTPUT_FILE_0}\"\n";
			showEnvVarsInLog = 0;
		};
		738362EF2AEC0A074F4C8681 /* [CP] Check Pods Manifest.lock */ = {
			isa = PBXShellScriptBuildPhase;
			buildActionMask = 2147483647;
			files = (
			);
			inputPaths = (
				"${PODS_PODFILE_DIR_PATH}/Podfile.lock",
				"${PODS_ROOT}/Manifest.lock",
			);
			name = "[CP] Check Pods Manifest.lock";
			outputPaths = (
				"$(DERIVED_FILE_DIR)/Pods-MakeHabitUITests-checkManifestLockResult.txt",
			);
			runOnlyForDeploymentPostprocessing = 0;
			shellPath = /bin/sh;
			shellScript = "diff \"${PODS_PODFILE_DIR_PATH}/Podfile.lock\" \"${PODS_ROOT}/Manifest.lock\" > /dev/null\nif [ $? != 0 ] ; then\n    # print error to STDERR\n    echo \"error: The sandbox is not in sync with the Podfile.lock. Run 'pod install' or update your CocoaPods installation.\" >&2\n    exit 1\nfi\n# This output is used by Xcode 'outputs' to avoid re-running this script phase.\necho \"SUCCESS\" > \"${SCRIPT_OUTPUT_FILE_0}\"\n";
			showEnvVarsInLog = 0;
		};
		B9F608F54D18CF8C7F6FAD29 /* [CP] Embed Pods Frameworks */ = {
			isa = PBXShellScriptBuildPhase;
			buildActionMask = 2147483647;
			files = (
			);
			inputPaths = (
				"${SRCROOT}/Pods/Target Support Files/Pods-MakeHabit/Pods-MakeHabit-frameworks.sh",
				"${BUILT_PRODUCTS_DIR}/Realm/Realm.framework",
				"${BUILT_PRODUCTS_DIR}/RealmSwift/RealmSwift.framework",
			);
			name = "[CP] Embed Pods Frameworks";
			outputPaths = (
				"${TARGET_BUILD_DIR}/${FRAMEWORKS_FOLDER_PATH}/Realm.framework",
				"${TARGET_BUILD_DIR}/${FRAMEWORKS_FOLDER_PATH}/RealmSwift.framework",
			);
			runOnlyForDeploymentPostprocessing = 0;
			shellPath = /bin/sh;
			shellScript = "\"${SRCROOT}/Pods/Target Support Files/Pods-MakeHabit/Pods-MakeHabit-frameworks.sh\"\n";
			showEnvVarsInLog = 0;
		};
		DFD1AE1F5F7C3680AA2A9AB7 /* [CP] Check Pods Manifest.lock */ = {
			isa = PBXShellScriptBuildPhase;
			buildActionMask = 2147483647;
			files = (
			);
			inputPaths = (
				"${PODS_PODFILE_DIR_PATH}/Podfile.lock",
				"${PODS_ROOT}/Manifest.lock",
			);
			name = "[CP] Check Pods Manifest.lock";
			outputPaths = (
				"$(DERIVED_FILE_DIR)/Pods-MakeHabitTests-checkManifestLockResult.txt",
			);
			runOnlyForDeploymentPostprocessing = 0;
			shellPath = /bin/sh;
			shellScript = "diff \"${PODS_PODFILE_DIR_PATH}/Podfile.lock\" \"${PODS_ROOT}/Manifest.lock\" > /dev/null\nif [ $? != 0 ] ; then\n    # print error to STDERR\n    echo \"error: The sandbox is not in sync with the Podfile.lock. Run 'pod install' or update your CocoaPods installation.\" >&2\n    exit 1\nfi\n# This output is used by Xcode 'outputs' to avoid re-running this script phase.\necho \"SUCCESS\" > \"${SCRIPT_OUTPUT_FILE_0}\"\n";
			showEnvVarsInLog = 0;
		};
/* End PBXShellScriptBuildPhase section */

/* Begin PBXSourcesBuildPhase section */
		937771F120B587730022D82C /* Sources */ = {
			isa = PBXSourcesBuildPhase;
			buildActionMask = 2147483647;
			files = (
				9325DF7C20B59A9F003C790D /* MainViewController.swift in Sources */,
				9343DFE520B6CE6F006CCED8 /* HabitSelectViewController.swift in Sources */,
				9325DF8720B59D7F003C790D /* ChartViewController.swift in Sources */,
				9325DF8A20B59DF7003C790D /* HabitViewController.swift in Sources */,
				9343DFE720B6CE92006CCED8 /* HabitSettingViewController.swift in Sources */,
				9325DF7E20B59B2C003C790D /* BaseViewController.swift in Sources */,
				937771F920B587730022D82C /* AppDelegate.swift in Sources */,
				9343DFE320B6CE5B006CCED8 /* HabitDetailViewController.swift in Sources */,
				9343DFE120B6CE31006CCED8 /* HabitCategoriesViewController.swift in Sources */,
			);
			runOnlyForDeploymentPostprocessing = 0;
		};
		9377720520B587740022D82C /* Sources */ = {
			isa = PBXSourcesBuildPhase;
			buildActionMask = 2147483647;
			files = (
				9377720E20B587740022D82C /* MakeHabitTests.swift in Sources */,
			);
			runOnlyForDeploymentPostprocessing = 0;
		};
		9377721020B587740022D82C /* Sources */ = {
			isa = PBXSourcesBuildPhase;
			buildActionMask = 2147483647;
			files = (
				9377721920B587740022D82C /* MakeHabitUITests.swift in Sources */,
			);
			runOnlyForDeploymentPostprocessing = 0;
		};
/* End PBXSourcesBuildPhase section */

/* Begin PBXTargetDependency section */
		9377720B20B587740022D82C /* PBXTargetDependency */ = {
			isa = PBXTargetDependency;
			target = 937771F420B587730022D82C /* MakeHabit */;
			targetProxy = 9377720A20B587740022D82C /* PBXContainerItemProxy */;
		};
		9377721620B587740022D82C /* PBXTargetDependency */ = {
			isa = PBXTargetDependency;
			target = 937771F420B587730022D82C /* MakeHabit */;
			targetProxy = 9377721520B587740022D82C /* PBXContainerItemProxy */;
		};
/* End PBXTargetDependency section */

/* Begin PBXVariantGroup section */
		937771FC20B587730022D82C /* Main.storyboard */ = {
			isa = PBXVariantGroup;
			children = (
				937771FD20B587730022D82C /* Base */,
			);
			name = Main.storyboard;
			sourceTree = "<group>";
		};
		9377720120B587740022D82C /* LaunchScreen.storyboard */ = {
			isa = PBXVariantGroup;
			children = (
				9377720220B587740022D82C /* Base */,
			);
			name = LaunchScreen.storyboard;
			sourceTree = "<group>";
		};
/* End PBXVariantGroup section */

/* Begin XCBuildConfiguration section */
		9377721B20B587740022D82C /* Debug */ = {
			isa = XCBuildConfiguration;
			buildSettings = {
				ALWAYS_SEARCH_USER_PATHS = NO;
				CLANG_ANALYZER_NONNULL = YES;
				CLANG_ANALYZER_NUMBER_OBJECT_CONVERSION = YES_AGGRESSIVE;
				CLANG_CXX_LANGUAGE_STANDARD = "gnu++14";
				CLANG_CXX_LIBRARY = "libc++";
				CLANG_ENABLE_MODULES = YES;
				CLANG_ENABLE_OBJC_ARC = YES;
				CLANG_ENABLE_OBJC_WEAK = YES;
				CLANG_WARN_BLOCK_CAPTURE_AUTORELEASING = YES;
				CLANG_WARN_BOOL_CONVERSION = YES;
				CLANG_WARN_COMMA = YES;
				CLANG_WARN_CONSTANT_CONVERSION = YES;
				CLANG_WARN_DEPRECATED_OBJC_IMPLEMENTATIONS = YES;
				CLANG_WARN_DIRECT_OBJC_ISA_USAGE = YES_ERROR;
				CLANG_WARN_DOCUMENTATION_COMMENTS = YES;
				CLANG_WARN_EMPTY_BODY = YES;
				CLANG_WARN_ENUM_CONVERSION = YES;
				CLANG_WARN_INFINITE_RECURSION = YES;
				CLANG_WARN_INT_CONVERSION = YES;
				CLANG_WARN_NON_LITERAL_NULL_CONVERSION = YES;
				CLANG_WARN_OBJC_IMPLICIT_RETAIN_SELF = YES;
				CLANG_WARN_OBJC_LITERAL_CONVERSION = YES;
				CLANG_WARN_OBJC_ROOT_CLASS = YES_ERROR;
				CLANG_WARN_RANGE_LOOP_ANALYSIS = YES;
				CLANG_WARN_STRICT_PROTOTYPES = YES;
				CLANG_WARN_SUSPICIOUS_MOVE = YES;
				CLANG_WARN_UNGUARDED_AVAILABILITY = YES_AGGRESSIVE;
				CLANG_WARN_UNREACHABLE_CODE = YES;
				CLANG_WARN__DUPLICATE_METHOD_MATCH = YES;
				CODE_SIGN_IDENTITY = "iPhone Developer";
				COPY_PHASE_STRIP = NO;
				DEBUG_INFORMATION_FORMAT = dwarf;
				ENABLE_STRICT_OBJC_MSGSEND = YES;
				ENABLE_TESTABILITY = YES;
				GCC_C_LANGUAGE_STANDARD = gnu11;
				GCC_DYNAMIC_NO_PIC = NO;
				GCC_NO_COMMON_BLOCKS = YES;
				GCC_OPTIMIZATION_LEVEL = 0;
				GCC_PREPROCESSOR_DEFINITIONS = (
					"DEBUG=1",
					"$(inherited)",
				);
				GCC_WARN_64_TO_32_BIT_CONVERSION = YES;
				GCC_WARN_ABOUT_RETURN_TYPE = YES_ERROR;
				GCC_WARN_UNDECLARED_SELECTOR = YES;
				GCC_WARN_UNINITIALIZED_AUTOS = YES_AGGRESSIVE;
				GCC_WARN_UNUSED_FUNCTION = YES;
				GCC_WARN_UNUSED_VARIABLE = YES;
				IPHONEOS_DEPLOYMENT_TARGET = 11.3;
				MTL_ENABLE_DEBUG_INFO = YES;
				ONLY_ACTIVE_ARCH = YES;
				SDKROOT = iphoneos;
				SWIFT_ACTIVE_COMPILATION_CONDITIONS = DEBUG;
				SWIFT_OPTIMIZATION_LEVEL = "-Onone";
			};
			name = Debug;
		};
		9377721C20B587740022D82C /* Release */ = {
			isa = XCBuildConfiguration;
			buildSettings = {
				ALWAYS_SEARCH_USER_PATHS = NO;
				CLANG_ANALYZER_NONNULL = YES;
				CLANG_ANALYZER_NUMBER_OBJECT_CONVERSION = YES_AGGRESSIVE;
				CLANG_CXX_LANGUAGE_STANDARD = "gnu++14";
				CLANG_CXX_LIBRARY = "libc++";
				CLANG_ENABLE_MODULES = YES;
				CLANG_ENABLE_OBJC_ARC = YES;
				CLANG_ENABLE_OBJC_WEAK = YES;
				CLANG_WARN_BLOCK_CAPTURE_AUTORELEASING = YES;
				CLANG_WARN_BOOL_CONVERSION = YES;
				CLANG_WARN_COMMA = YES;
				CLANG_WARN_CONSTANT_CONVERSION = YES;
				CLANG_WARN_DEPRECATED_OBJC_IMPLEMENTATIONS = YES;
				CLANG_WARN_DIRECT_OBJC_ISA_USAGE = YES_ERROR;
				CLANG_WARN_DOCUMENTATION_COMMENTS = YES;
				CLANG_WARN_EMPTY_BODY = YES;
				CLANG_WARN_ENUM_CONVERSION = YES;
				CLANG_WARN_INFINITE_RECURSION = YES;
				CLANG_WARN_INT_CONVERSION = YES;
				CLANG_WARN_NON_LITERAL_NULL_CONVERSION = YES;
				CLANG_WARN_OBJC_IMPLICIT_RETAIN_SELF = YES;
				CLANG_WARN_OBJC_LITERAL_CONVERSION = YES;
				CLANG_WARN_OBJC_ROOT_CLASS = YES_ERROR;
				CLANG_WARN_RANGE_LOOP_ANALYSIS = YES;
				CLANG_WARN_STRICT_PROTOTYPES = YES;
				CLANG_WARN_SUSPICIOUS_MOVE = YES;
				CLANG_WARN_UNGUARDED_AVAILABILITY = YES_AGGRESSIVE;
				CLANG_WARN_UNREACHABLE_CODE = YES;
				CLANG_WARN__DUPLICATE_METHOD_MATCH = YES;
				CODE_SIGN_IDENTITY = "iPhone Developer";
				COPY_PHASE_STRIP = NO;
				DEBUG_INFORMATION_FORMAT = "dwarf-with-dsym";
				ENABLE_NS_ASSERTIONS = NO;
				ENABLE_STRICT_OBJC_MSGSEND = YES;
				GCC_C_LANGUAGE_STANDARD = gnu11;
				GCC_NO_COMMON_BLOCKS = YES;
				GCC_WARN_64_TO_32_BIT_CONVERSION = YES;
				GCC_WARN_ABOUT_RETURN_TYPE = YES_ERROR;
				GCC_WARN_UNDECLARED_SELECTOR = YES;
				GCC_WARN_UNINITIALIZED_AUTOS = YES_AGGRESSIVE;
				GCC_WARN_UNUSED_FUNCTION = YES;
				GCC_WARN_UNUSED_VARIABLE = YES;
				IPHONEOS_DEPLOYMENT_TARGET = 11.3;
				MTL_ENABLE_DEBUG_INFO = NO;
				SDKROOT = iphoneos;
				SWIFT_COMPILATION_MODE = wholemodule;
				SWIFT_OPTIMIZATION_LEVEL = "-O";
				VALIDATE_PRODUCT = YES;
			};
			name = Release;
		};
		9377721E20B587740022D82C /* Debug */ = {
			isa = XCBuildConfiguration;
			baseConfigurationReference = 30993D8B8CCF687759494239 /* Pods-MakeHabit.debug.xcconfig */;
			buildSettings = {
				ASSETCATALOG_COMPILER_APPICON_NAME = AppIcon;
				CODE_SIGN_STYLE = Automatic;
				INFOPLIST_FILE = MakeHabit/Info.plist;
				LD_RUNPATH_SEARCH_PATHS = (
					"$(inherited)",
					"@executable_path/Frameworks",
				);
				PRODUCT_BUNDLE_IDENTIFIER = jhbob.MakeHabit;
				PRODUCT_NAME = "$(TARGET_NAME)";
				SWIFT_VERSION = 4.0;
				TARGETED_DEVICE_FAMILY = "1,2";
			};
			name = Debug;
		};
		9377721F20B587740022D82C /* Release */ = {
			isa = XCBuildConfiguration;
			baseConfigurationReference = CCBF84E316BB38F3A33C9FBD /* Pods-MakeHabit.release.xcconfig */;
			buildSettings = {
				ASSETCATALOG_COMPILER_APPICON_NAME = AppIcon;
				CODE_SIGN_STYLE = Automatic;
				INFOPLIST_FILE = MakeHabit/Info.plist;
				LD_RUNPATH_SEARCH_PATHS = (
					"$(inherited)",
					"@executable_path/Frameworks",
				);
				PRODUCT_BUNDLE_IDENTIFIER = jhbob.MakeHabit;
				PRODUCT_NAME = "$(TARGET_NAME)";
				SWIFT_VERSION = 4.0;
				TARGETED_DEVICE_FAMILY = "1,2";
			};
			name = Release;
		};
		9377722120B587740022D82C /* Debug */ = {
			isa = XCBuildConfiguration;
			baseConfigurationReference = 00005F1AD9F0A9C230FC3ADD /* Pods-MakeHabitTests.debug.xcconfig */;
			buildSettings = {
				ALWAYS_EMBED_SWIFT_STANDARD_LIBRARIES = YES;
				BUNDLE_LOADER = "$(TEST_HOST)";
				CODE_SIGN_STYLE = Automatic;
				INFOPLIST_FILE = MakeHabitTests/Info.plist;
				LD_RUNPATH_SEARCH_PATHS = (
					"$(inherited)",
					"@executable_path/Frameworks",
					"@loader_path/Frameworks",
				);
				PRODUCT_BUNDLE_IDENTIFIER = jhbob.MakeHabitTests;
				PRODUCT_NAME = "$(TARGET_NAME)";
				SWIFT_VERSION = 4.0;
				TARGETED_DEVICE_FAMILY = "1,2";
				TEST_HOST = "$(BUILT_PRODUCTS_DIR)/MakeHabit.app/MakeHabit";
			};
			name = Debug;
		};
		9377722220B587740022D82C /* Release */ = {
			isa = XCBuildConfiguration;
			baseConfigurationReference = D4CD90FEA3C5094A0378786B /* Pods-MakeHabitTests.release.xcconfig */;
			buildSettings = {
				ALWAYS_EMBED_SWIFT_STANDARD_LIBRARIES = YES;
				BUNDLE_LOADER = "$(TEST_HOST)";
				CODE_SIGN_STYLE = Automatic;
				INFOPLIST_FILE = MakeHabitTests/Info.plist;
				LD_RUNPATH_SEARCH_PATHS = (
					"$(inherited)",
					"@executable_path/Frameworks",
					"@loader_path/Frameworks",
				);
				PRODUCT_BUNDLE_IDENTIFIER = jhbob.MakeHabitTests;
				PRODUCT_NAME = "$(TARGET_NAME)";
				SWIFT_VERSION = 4.0;
				TARGETED_DEVICE_FAMILY = "1,2";
				TEST_HOST = "$(BUILT_PRODUCTS_DIR)/MakeHabit.app/MakeHabit";
			};
			name = Release;
		};
		9377722420B587740022D82C /* Debug */ = {
			isa = XCBuildConfiguration;
			baseConfigurationReference = FD3D13CF5F5633D53C36EEB4 /* Pods-MakeHabitUITests.debug.xcconfig */;
			buildSettings = {
				ALWAYS_EMBED_SWIFT_STANDARD_LIBRARIES = YES;
				CODE_SIGN_STYLE = Automatic;
				INFOPLIST_FILE = MakeHabitUITests/Info.plist;
				LD_RUNPATH_SEARCH_PATHS = (
					"$(inherited)",
					"@executable_path/Frameworks",
					"@loader_path/Frameworks",
				);
				PRODUCT_BUNDLE_IDENTIFIER = jhbob.MakeHabitUITests;
				PRODUCT_NAME = "$(TARGET_NAME)";
				SWIFT_VERSION = 4.0;
				TARGETED_DEVICE_FAMILY = "1,2";
				TEST_TARGET_NAME = MakeHabit;
			};
			name = Debug;
		};
		9377722520B587740022D82C /* Release */ = {
			isa = XCBuildConfiguration;
			baseConfigurationReference = 8B1D4DEF106F745B533ACF0A /* Pods-MakeHabitUITests.release.xcconfig */;
			buildSettings = {
				ALWAYS_EMBED_SWIFT_STANDARD_LIBRARIES = YES;
				CODE_SIGN_STYLE = Automatic;
				INFOPLIST_FILE = MakeHabitUITests/Info.plist;
				LD_RUNPATH_SEARCH_PATHS = (
					"$(inherited)",
					"@executable_path/Frameworks",
					"@loader_path/Frameworks",
				);
				PRODUCT_BUNDLE_IDENTIFIER = jhbob.MakeHabitUITests;
				PRODUCT_NAME = "$(TARGET_NAME)";
				SWIFT_VERSION = 4.0;
				TARGETED_DEVICE_FAMILY = "1,2";
				TEST_TARGET_NAME = MakeHabit;
			};
			name = Release;
		};
/* End XCBuildConfiguration section */

/* Begin XCConfigurationList section */
		937771F020B587730022D82C /* Build configuration list for PBXProject "MakeHabit" */ = {
			isa = XCConfigurationList;
			buildConfigurations = (
				9377721B20B587740022D82C /* Debug */,
				9377721C20B587740022D82C /* Release */,
			);
			defaultConfigurationIsVisible = 0;
			defaultConfigurationName = Release;
		};
		9377721D20B587740022D82C /* Build configuration list for PBXNativeTarget "MakeHabit" */ = {
			isa = XCConfigurationList;
			buildConfigurations = (
				9377721E20B587740022D82C /* Debug */,
				9377721F20B587740022D82C /* Release */,
			);
			defaultConfigurationIsVisible = 0;
			defaultConfigurationName = Release;
		};
		9377722020B587740022D82C /* Build configuration list for PBXNativeTarget "MakeHabitTests" */ = {
			isa = XCConfigurationList;
			buildConfigurations = (
				9377722120B587740022D82C /* Debug */,
				9377722220B587740022D82C /* Release */,
			);
			defaultConfigurationIsVisible = 0;
			defaultConfigurationName = Release;
		};
		9377722320B587740022D82C /* Build configuration list for PBXNativeTarget "MakeHabitUITests" */ = {
			isa = XCConfigurationList;
			buildConfigurations = (
				9377722420B587740022D82C /* Debug */,
				9377722520B587740022D82C /* Release */,
			);
			defaultConfigurationIsVisible = 0;
			defaultConfigurationName = Release;
		};
/* End XCConfigurationList section */
	};
	rootObject = 937771ED20B587730022D82C /* Project object */;
}
