PODS:
  - Charts (3.1.1):
    - Charts/Core (= 3.1.1)
  - Charts/Core (3.1.1)
  - FSCalendar (2.7.9)
  - Realm (3.4.0):
    - Realm/Headers (= 3.4.0)
  - Realm/Headers (3.4.0)
  - RealmSwift (3.4.0):
    - Realm (= 3.4.0)
  - RxCocoa (4.1.2):
    - RxSwift (~> 4.0)
  - RxRealm (0.7.5):
    - RealmSwift (~> 3.0)
    - RxSwift (~> 4.0)
  - RxSwift (4.1.2)

DEPENDENCIES:
  - Charts
  - FSCalendar
  - RealmSwift
  - RxCocoa
  - RxRealm
  - RxSwift

SPEC REPOS:
  https://github.com/cocoapods/specs.git:
    - Charts
    - FSCalendar
    - Realm
    - RealmSwift
    - RxCocoa
    - RxRealm
    - RxSwift

SPEC CHECKSUMS:
  Charts: 90a4d61da0f6e06684c591e3bcab11940fe61736
  FSCalendar: a04b09f16f811bc92e82f3cf852a15225233b9d5
  Realm: 9527c7baa2260f3a3aad6823d2d71cafff9b046b
  RealmSwift: f40a747beaea1cadde7dcef41ee5a34b3001677b
  RxCocoa: d88ba0f1f6abf040011a9eb4b539324fc426843a
  RxRealm: a6c6c0a07cb61f34209969ca6657734edfdfff30
  RxSwift: e49536837d9901277638493ea537394d4b55f570

PODFILE CHECKSUM: ca8406156f0fc562b4bb3373d1d78d9ad2268b89

COCOAPODS: 1.5.2
